{
  "name": "test_flask",
  "lockfileVersion": 3,
  "requires": true,
  "packages": {
    "": {
      "dependencies": {
        "@vercel/python": "^3.1.43"
      }
    },
    "node_modules/@vercel/python": {
      "version": "3.1.43",
      "resolved": "https://registry.npmjs.org/@vercel/python/-/python-3.1.43.tgz",
      "integrity": "sha512-PP3klds6nF3SgRVqlXKIQiFgNp/nMJ/iXxl58i6EcSIg3o00S9WRCNhtutX4jjXytFmwnAZWEzavyO4++0LxVQ=="
    }
  }
}
